
Microsoft Visual Studio Solution File, Format Version 12.00
# Visual Studio Version 17
VisualStudioVersion = 17.7.34031.279
MinimumVisualStudioVersion = 10.0.40219.1
Project("{FAE04EC0-301F-11D3-BF4B-00C04F79EFBC}") = "InClass_152120211066_152120211068_Group2", "InClass_152120211066_152120211068_Group2\InClass_152120211066_152120211068_Group2.csproj", "{27EF200E-7178-4A5A-B218-75FA7011E802}"
EndProject
Global
	GlobalSection(SolutionConfigurationPlatforms) = preSolution
		Debug|Any CPU = Debug|Any CPU
		Release|Any CPU = Release|Any CPU
	EndGlobalSection
	GlobalSection(ProjectConfigurationPlatforms) = postSolution
		{27EF200E-7178-4A5A-B218-75FA7011E802}.Debug|Any CPU.ActiveCfg = Debug|Any CPU
		{27EF200E-7178-4A5A-B218-75FA7011E802}.Debug|Any CPU.Build.0 = Debug|Any CPU
		{27EF200E-7178-4A5A-B218-75FA7011E802}.Release|Any CPU.ActiveCfg = Release|Any CPU
		{27EF200E-7178-4A5A-B218-75FA7011E802}.Release|Any CPU.Build.0 = Release|Any CPU
	EndGlobalSection
	GlobalSection(SolutionProperties) = preSolution
		HideSolutionNode = FALSE
	EndGlobalSection
	GlobalSection(ExtensibilityGlobals) = postSolution
		SolutionGuid = {DA9B81AB-01F3-4898-BCCC-0E74383E0B3C}
	EndGlobalSection
EndGlobal
